
Microsoft Visual Studio Solution File, Format Version 12.00
# Visual Studio Version 17
VisualStudioVersion = 17.5.33516.290
MinimumVisualStudioVersion = 10.0.40219.1
Project("{9A19103F-16F7-4668-BE54-9A1E7A4F7556}") = "301222912_abraham_mehta_Lab3", "301222912_abraham_mehta_Lab3.csproj", "{903F102E-6108-49E7-9B1C-5FC741864D6E}"
EndProject
Global
	GlobalSection(SolutionConfigurationPlatforms) = preSolution
		Debug|Any CPU = Debug|Any CPU
		Release|Any CPU = Release|Any CPU
	EndGlobalSection
	GlobalSection(ProjectConfigurationPlatforms) = postSolution
		{903F102E-6108-49E7-9B1C-5FC741864D6E}.Debug|Any CPU.ActiveCfg = Debug|Any CPU
		{903F102E-6108-49E7-9B1C-5FC741864D6E}.Debug|Any CPU.Build.0 = Debug|Any CPU
		{903F102E-6108-49E7-9B1C-5FC741864D6E}.Release|Any CPU.ActiveCfg = Release|Any CPU
		{903F102E-6108-49E7-9B1C-5FC741864D6E}.Release|Any CPU.Build.0 = Release|Any CPU
	EndGlobalSection
	GlobalSection(SolutionProperties) = preSolution
		HideSolutionNode = FALSE
	EndGlobalSection
	GlobalSection(ExtensibilityGlobals) = postSolution
		SolutionGuid = {A89CAB29-3D4C-4B2A-82A9-9ACB2CBBB706}
	EndGlobalSection
EndGlobal
